
Microsoft Visual Studio Solution File, Format Version 12.00
# Visual Studio Version 17
VisualStudioVersion = 17.8.34330.188
MinimumVisualStudioVersion = 10.0.40219.1
Project("{FAE04EC0-301F-11D3-BF4B-00C04F79EFBC}") = "InterestingBlogWebApp.API", "InterestingBlogWebApp.API\InterestingBlogWebApp.API.csproj", "{7BF1BEC4-AAB4-4D56-A4FA-A7C714854DFC}"
EndProject
Project("{FAE04EC0-301F-11D3-BF4B-00C04F79EFBC}") = "InterestingBlogWebApp.Application", "InterestingBlogWebApp.Application\InterestingBlogWebApp.Application.csproj", "{2ABB8A2F-90EE-43BC-A04C-E065C5970DD9}"
EndProject
Project("{FAE04EC0-301F-11D3-BF4B-00C04F79EFBC}") = "InterestingBlogWebApp.Domain", "InterestingBlogWebApp.Domain\InterestingBlogWebApp.Domain.csproj", "{28F566BA-6977-46BF-8C24-D169E0CB9C93}"
EndProject
Project("{FAE04EC0-301F-11D3-BF4B-00C04F79EFBC}") = "InterestingBlogWebApp.Infrastructure", "InterestingBlogWebApp.Infrastructure\InterestingBlogWebApp.Infrastructure.csproj", "{125826F7-F689-479E-8982-5968A00AA9AB}"
EndProject
Global
	GlobalSection(SolutionConfigurationPlatforms) = preSolution
		Debug|Any CPU = Debug|Any CPU
		Release|Any CPU = Release|Any CPU
	EndGlobalSection
	GlobalSection(ProjectConfigurationPlatforms) = postSolution
		{7BF1BEC4-AAB4-4D56-A4FA-A7C714854DFC}.Debug|Any CPU.ActiveCfg = Debug|Any CPU
		{7BF1BEC4-AAB4-4D56-A4FA-A7C714854DFC}.Debug|Any CPU.Build.0 = Debug|Any CPU
		{7BF1BEC4-AAB4-4D56-A4FA-A7C714854DFC}.Release|Any CPU.ActiveCfg = Release|Any CPU
		{7BF1BEC4-AAB4-4D56-A4FA-A7C714854DFC}.Release|Any CPU.Build.0 = Release|Any CPU
		{2ABB8A2F-90EE-43BC-A04C-E065C5970DD9}.Debug|Any CPU.ActiveCfg = Debug|Any CPU
		{2ABB8A2F-90EE-43BC-A04C-E065C5970DD9}.Debug|Any CPU.Build.0 = Debug|Any CPU
		{2ABB8A2F-90EE-43BC-A04C-E065C5970DD9}.Release|Any CPU.ActiveCfg = Release|Any CPU
		{2ABB8A2F-90EE-43BC-A04C-E065C5970DD9}.Release|Any CPU.Build.0 = Release|Any CPU
		{28F566BA-6977-46BF-8C24-D169E0CB9C93}.Debug|Any CPU.ActiveCfg = Debug|Any CPU
		{28F566BA-6977-46BF-8C24-D169E0CB9C93}.Debug|Any CPU.Build.0 = Debug|Any CPU
		{28F566BA-6977-46BF-8C24-D169E0CB9C93}.Release|Any CPU.ActiveCfg = Release|Any CPU
		{28F566BA-6977-46BF-8C24-D169E0CB9C93}.Release|Any CPU.Build.0 = Release|Any CPU
		{125826F7-F689-479E-8982-5968A00AA9AB}.Debug|Any CPU.ActiveCfg = Debug|Any CPU
		{125826F7-F689-479E-8982-5968A00AA9AB}.Debug|Any CPU.Build.0 = Debug|Any CPU
		{125826F7-F689-479E-8982-5968A00AA9AB}.Release|Any CPU.ActiveCfg = Release|Any CPU
		{125826F7-F689-479E-8982-5968A00AA9AB}.Release|Any CPU.Build.0 = Release|Any CPU
	EndGlobalSection
	GlobalSection(SolutionProperties) = preSolution
		HideSolutionNode = FALSE
	EndGlobalSection
	GlobalSection(ExtensibilityGlobals) = postSolution
		SolutionGuid = {952F4C23-E1F8-451F-94DC-AFB09CE8E829}
	EndGlobalSection
EndGlobal
